// !$*UTF8*$!
{
	archiveVersion = 1;
	classes = {
	};
	objectVersion = 56;
	objects = {

/* Begin PBXBuildFile section */
		10405A572D3D67D30028CE7E /* Localizable.strings in Resources */ = {isa = PBXBuildFile; fileRef = 10405A402D3D67D20028CE7E /* Localizable.strings */; };
		10405A582D3D67D30028CE7E /* Assets.xcassets in Resources */ = {isa = PBXBuildFile; fileRef = 10405A412D3D67D20028CE7E /* Assets.xcassets */; };
		10405A592D3D67D30028CE7E /* Main.storyboard in Resources */ = {isa = PBXBuildFile; fileRef = 10405A422D3D67D20028CE7E /* Main.storyboard */; };
		10405A5A2D3D67D30028CE7E /* Launch.storyboard in Resources */ = {isa = PBXBuildFile; fileRef = 10405A442D3D67D20028CE7E /* Launch.storyboard */; };
		10405A632D3D67D30028CE7E /* Dashboard.png in Resources */ = {isa = PBXBuildFile; fileRef = 10405A512D3D67D30028CE7E /* Dashboard.png */; };
		10405A642D3D67D30028CE7E /* Filter.png in Resources */ = {isa = PBXBuildFile; fileRef = 10405A522D3D67D30028CE7E /* Filter.png */; };
		10405A652D3D67D30028CE7E /* AppDelegate.swift in Sources */ = {isa = PBXBuildFile; fileRef = 10405A552D3D67D30028CE7E /* AppDelegate.swift */; };
		10405A662D3D67D30028CE7E /* SceneDelegate.swift in Sources */ = {isa = PBXBuildFile; fileRef = 10405A562D3D67D30028CE7E /* SceneDelegate.swift */; };
		10405A6E2D3D686E0028CE7E /* JaneshSutharCryptoDemoiOSTests.swift in Sources */ = {isa = PBXBuildFile; fileRef = 10405A6D2D3D686E0028CE7E /* JaneshSutharCryptoDemoiOSTests.swift */; };
		104140C92D3DFB1400FEB505 /* CLEAN+MVVM.png in Resources */ = {isa = PBXBuildFile; fileRef = 104140C82D3DFB1400FEB505 /* CLEAN+MVVM.png */; };
		10DB16DC2D3D756000C78B02 /* Common in Frameworks */ = {isa = PBXBuildFile; productRef = 10DB16DB2D3D756000C78B02 /* Common */; };
		10DB16DF2D3D757300C78B02 /* Data in Frameworks */ = {isa = PBXBuildFile; productRef = 10DB16DE2D3D757300C78B02 /* Data */; };
		10DB16E22D3D758600C78B02 /* Presentation in Frameworks */ = {isa = PBXBuildFile; productRef = 10DB16E12D3D758600C78B02 /* Presentation */; };
		10DB16E52D3D75CC00C78B02 /* Domain in Frameworks */ = {isa = PBXBuildFile; productRef = 10DB16E42D3D75CC00C78B02 /* Domain */; };
		10DB16E82D3D75DA00C78B02 /* Infrastructure in Frameworks */ = {isa = PBXBuildFile; productRef = 10DB16E72D3D75DA00C78B02 /* Infrastructure */; };
/* End PBXBuildFile section */

/* Begin PBXContainerItemProxy section */
		10405A6F2D3D686E0028CE7E /* PBXContainerItemProxy */ = {
			isa = PBXContainerItemProxy;
			containerPortal = 10405A1F2D3D67900028CE7E /* Project object */;
			proxyType = 1;
			remoteGlobalIDString = 10405A262D3D67900028CE7E;
			remoteInfo = JaneshSutharCryptoDemoiOS;
		};
/* End PBXContainerItemProxy section */

/* Begin PBXFileReference section */
		10405A272D3D67900028CE7E /* JaneshSutharCryptoDemoiOS.app */ = {isa = PBXFileReference; explicitFileType = wrapper.application; includeInIndex = 0; path = JaneshSutharCryptoDemoiOS.app; sourceTree = BUILT_PRODUCTS_DIR; };
		10405A382D3D67920028CE7E /* Info.plist */ = {isa = PBXFileReference; lastKnownFileType = text.plist.xml; path = Info.plist; sourceTree = "<group>"; };
		10405A402D3D67D20028CE7E /* Localizable.strings */ = {isa = PBXFileReference; fileEncoding = 4; lastKnownFileType = text.plist.strings; path = Localizable.strings; sourceTree = "<group>"; };
		10405A412D3D67D20028CE7E /* Assets.xcassets */ = {isa = PBXFileReference; lastKnownFileType = folder.assetcatalog; path = Assets.xcassets; sourceTree = "<group>"; };
		10405A432D3D67D20028CE7E /* Base */ = {isa = PBXFileReference; lastKnownFileType = file.storyboard; name = Base; path = Base.lproj/Main.storyboard; sourceTree = "<group>"; };
		10405A442D3D67D20028CE7E /* Launch.storyboard */ = {isa = PBXFileReference; fileEncoding = 4; lastKnownFileType = file.storyboard; path = Launch.storyboard; sourceTree = "<group>"; };
		10405A512D3D67D30028CE7E /* Dashboard.png */ = {isa = PBXFileReference; lastKnownFileType = image.png; path = Dashboard.png; sourceTree = "<group>"; };
		10405A522D3D67D30028CE7E /* Filter.png */ = {isa = PBXFileReference; lastKnownFileType = image.png; path = Filter.png; sourceTree = "<group>"; };
		10405A552D3D67D30028CE7E /* AppDelegate.swift */ = {isa = PBXFileReference; fileEncoding = 4; lastKnownFileType = sourcecode.swift; path = AppDelegate.swift; sourceTree = "<group>"; };
		10405A562D3D67D30028CE7E /* SceneDelegate.swift */ = {isa = PBXFileReference; fileEncoding = 4; lastKnownFileType = sourcecode.swift; path = SceneDelegate.swift; sourceTree = "<group>"; };
		10405A6B2D3D686E0028CE7E /* JaneshSutharCryptoDemoiOSTests.xctest */ = {isa = PBXFileReference; explicitFileType = wrapper.cfbundle; includeInIndex = 0; path = JaneshSutharCryptoDemoiOSTests.xctest; sourceTree = BUILT_PRODUCTS_DIR; };
		10405A6D2D3D686E0028CE7E /* JaneshSutharCryptoDemoiOSTests.swift */ = {isa = PBXFileReference; lastKnownFileType = sourcecode.swift; path = JaneshSutharCryptoDemoiOSTests.swift; sourceTree = "<group>"; };
		104140C82D3DFB1400FEB505 /* CLEAN+MVVM.png */ = {isa = PBXFileReference; lastKnownFileType = image.png; path = "CLEAN+MVVM.png"; sourceTree = "<group>"; };
		10B78E8F2D3D772E00DA5E48 /* Common */ = {isa = PBXFileReference; lastKnownFileType = wrapper; path = Common; sourceTree = "<group>"; };
		10B78E902D3D772E00DA5E48 /* Infrastructure */ = {isa = PBXFileReference; lastKnownFileType = wrapper; path = Infrastructure; sourceTree = "<group>"; };
		10B78E912D3D772E00DA5E48 /* Presentation */ = {isa = PBXFileReference; lastKnownFileType = wrapper; path = Presentation; sourceTree = "<group>"; };
		10B78E922D3D772E00DA5E48 /* Domain */ = {isa = PBXFileReference; lastKnownFileType = wrapper; path = Domain; sourceTree = "<group>"; };
		10B78E932D3D772F00DA5E48 /* Data */ = {isa = PBXFileReference; lastKnownFileType = wrapper; path = Data; sourceTree = "<group>"; };
/* End PBXFileReference section */

/* Begin PBXFrameworksBuildPhase section */
		10405A242D3D67900028CE7E /* Frameworks */ = {
			isa = PBXFrameworksBuildPhase;
			buildActionMask = 2147483647;
			files = (
				10DB16E82D3D75DA00C78B02 /* Infrastructure in Frameworks */,
				10DB16DF2D3D757300C78B02 /* Data in Frameworks */,
				10DB16E22D3D758600C78B02 /* Presentation in Frameworks */,
				10DB16E52D3D75CC00C78B02 /* Domain in Frameworks */,
				10DB16DC2D3D756000C78B02 /* Common in Frameworks */,
			);
			runOnlyForDeploymentPostprocessing = 0;
		};
		10405A682D3D686E0028CE7E /* Frameworks */ = {
			isa = PBXFrameworksBuildPhase;
			buildActionMask = 2147483647;
			files = (
			);
			runOnlyForDeploymentPostprocessing = 0;
		};
/* End PBXFrameworksBuildPhase section */

/* Begin PBXGroup section */
		10405A1E2D3D67900028CE7E = {
			isa = PBXGroup;
			children = (
				10405A292D3D67900028CE7E /* JaneshSutharCryptoDemoiOS */,
				10405A6C2D3D686E0028CE7E /* JaneshSutharCryptoDemoiOSTests */,
				10405A282D3D67900028CE7E /* Products */,
				10773C6A2D3D6FB0002D6207 /* Frameworks */,
			);
			sourceTree = "<group>";
		};
		10405A282D3D67900028CE7E /* Products */ = {
			isa = PBXGroup;
			children = (
				10405A272D3D67900028CE7E /* JaneshSutharCryptoDemoiOS.app */,
				10405A6B2D3D686E0028CE7E /* JaneshSutharCryptoDemoiOSTests.xctest */,
			);
			name = Products;
			sourceTree = "<group>";
		};
		10405A292D3D67900028CE7E /* JaneshSutharCryptoDemoiOS */ = {
			isa = PBXGroup;
			children = (
				10405A4A2D3D67D20028CE7E /* Packages */,
				10405A542D3D67D30028CE7E /* Application */,
				10405A3E2D3D67D20028CE7E /* Resources */,
				10405A502D3D67D30028CE7E /* Screenshots */,
				10405A382D3D67920028CE7E /* Info.plist */,
			);
			path = JaneshSutharCryptoDemoiOS;
			sourceTree = "<group>";
		};
		10405A3E2D3D67D20028CE7E /* Resources */ = {
			isa = PBXGroup;
			children = (
				10405A3F2D3D67D20028CE7E /* Locale */,
				10405A412D3D67D20028CE7E /* Assets.xcassets */,
				10405A422D3D67D20028CE7E /* Main.storyboard */,
				10405A442D3D67D20028CE7E /* Launch.storyboard */,
			);
			path = Resources;
			sourceTree = "<group>";
		};
		10405A3F2D3D67D20028CE7E /* Locale */ = {
			isa = PBXGroup;
			children = (
				10405A402D3D67D20028CE7E /* Localizable.strings */,
			);
			path = Locale;
			sourceTree = "<group>";
		};
		10405A4A2D3D67D20028CE7E /* Packages */ = {
			isa = PBXGroup;
			children = (
				10B78E8F2D3D772E00DA5E48 /* Common */,
				10B78E932D3D772F00DA5E48 /* Data */,
				10B78E922D3D772E00DA5E48 /* Domain */,
				10B78E902D3D772E00DA5E48 /* Infrastructure */,
				10B78E912D3D772E00DA5E48 /* Presentation */,
			);
			path = Packages;
			sourceTree = "<group>";
		};
		10405A502D3D67D30028CE7E /* Screenshots */ = {
			isa = PBXGroup;
			children = (
				104140C82D3DFB1400FEB505 /* CLEAN+MVVM.png */,
				10405A512D3D67D30028CE7E /* Dashboard.png */,
				10405A522D3D67D30028CE7E /* Filter.png */,
			);
			path = Screenshots;
			sourceTree = "<group>";
		};
		10405A542D3D67D30028CE7E /* Application */ = {
			isa = PBXGroup;
			children = (
				10405A552D3D67D30028CE7E /* AppDelegate.swift */,
				10405A562D3D67D30028CE7E /* SceneDelegate.swift */,
			);
			path = Application;
			sourceTree = "<group>";
		};
		10405A6C2D3D686E0028CE7E /* JaneshSutharCryptoDemoiOSTests */ = {
			isa = PBXGroup;
			children = (
				10405A6D2D3D686E0028CE7E /* JaneshSutharCryptoDemoiOSTests.swift */,
			);
			path = JaneshSutharCryptoDemoiOSTests;
			sourceTree = "<group>";
		};
		10773C6A2D3D6FB0002D6207 /* Frameworks */ = {
			isa = PBXGroup;
			children = (
			);
			name = Frameworks;
			sourceTree = "<group>";
		};
/* End PBXGroup section */

/* Begin PBXNativeTarget section */
		10405A262D3D67900028CE7E /* JaneshSutharCryptoDemoiOS */ = {
			isa = PBXNativeTarget;
			buildConfigurationList = 10405A3B2D3D67920028CE7E /* Build configuration list for PBXNativeTarget "JaneshSutharCryptoDemoiOS" */;
			buildPhases = (
				10405A232D3D67900028CE7E /* Sources */,
				10405A242D3D67900028CE7E /* Frameworks */,
				10405A252D3D67900028CE7E /* Resources */,
			);
			buildRules = (
			);
			dependencies = (
			);
			name = JaneshSutharCryptoDemoiOS;
			packageProductDependencies = (
				10DB16DB2D3D756000C78B02 /* Common */,
				10DB16DE2D3D757300C78B02 /* Data */,
				10DB16E12D3D758600C78B02 /* Presentation */,
				10DB16E42D3D75CC00C78B02 /* Domain */,
				10DB16E72D3D75DA00C78B02 /* Infrastructure */,
			);
			productName = JaneshSutharCryptoDemoiOS;
			productReference = 10405A272D3D67900028CE7E /* JaneshSutharCryptoDemoiOS.app */;
			productType = "com.apple.product-type.application";
		};
		10405A6A2D3D686E0028CE7E /* JaneshSutharCryptoDemoiOSTests */ = {
			isa = PBXNativeTarget;
			buildConfigurationList = 10405A712D3D686E0028CE7E /* Build configuration list for PBXNativeTarget "JaneshSutharCryptoDemoiOSTests" */;
			buildPhases = (
				10405A672D3D686E0028CE7E /* Sources */,
				10405A682D3D686E0028CE7E /* Frameworks */,
				10405A692D3D686E0028CE7E /* Resources */,
			);
			buildRules = (
			);
			dependencies = (
				10405A702D3D686E0028CE7E /* PBXTargetDependency */,
			);
			name = JaneshSutharCryptoDemoiOSTests;
			productName = JaneshSutharCryptoDemoiOSTests;
			productReference = 10405A6B2D3D686E0028CE7E /* JaneshSutharCryptoDemoiOSTests.xctest */;
			productType = "com.apple.product-type.bundle.unit-test";
		};
/* End PBXNativeTarget section */

/* Begin PBXProject section */
		10405A1F2D3D67900028CE7E /* Project object */ = {
			isa = PBXProject;
			attributes = {
				BuildIndependentTargetsInParallel = 1;
				LastSwiftUpdateCheck = 1520;
				LastUpgradeCheck = 1520;
				TargetAttributes = {
					10405A262D3D67900028CE7E = {
						CreatedOnToolsVersion = 15.2;
					};
					10405A6A2D3D686E0028CE7E = {
						CreatedOnToolsVersion = 15.2;
						TestTargetID = 10405A262D3D67900028CE7E;
					};
				};
			};
			buildConfigurationList = 10405A222D3D67900028CE7E /* Build configuration list for PBXProject "JaneshSutharCryptoDemoiOS" */;
			compatibilityVersion = "Xcode 14.0";
			developmentRegion = en;
			hasScannedForEncodings = 0;
			knownRegions = (
				en,
				Base,
			);
			mainGroup = 10405A1E2D3D67900028CE7E;
			packageReferences = (
			);
			productRefGroup = 10405A282D3D67900028CE7E /* Products */;
			projectDirPath = "";
			projectRoot = "";
			targets = (
				10405A262D3D67900028CE7E /* JaneshSutharCryptoDemoiOS */,
				10405A6A2D3D686E0028CE7E /* JaneshSutharCryptoDemoiOSTests */,
			);
		};
/* End PBXProject section */

/* Begin PBXResourcesBuildPhase section */
		10405A252D3D67900028CE7E /* Resources */ = {
			isa = PBXResourcesBuildPhase;
			buildActionMask = 2147483647;
			files = (
				10405A642D3D67D30028CE7E /* Filter.png in Resources */,
				10405A632D3D67D30028CE7E /* Dashboard.png in Resources */,
				10405A592D3D67D30028CE7E /* Main.storyboard in Resources */,
				10405A582D3D67D30028CE7E /* Assets.xcassets in Resources */,
				10405A572D3D67D30028CE7E /* Localizable.strings in Resources */,
				10405A5A2D3D67D30028CE7E /* Launch.storyboard in Resources */,
				104140C92D3DFB1400FEB505 /* CLEAN+MVVM.png in Resources */,
			);
			runOnlyForDeploymentPostprocessing = 0;
		};
		10405A692D3D686E0028CE7E /* Resources */ = {
			isa = PBXResourcesBuildPhase;
			buildActionMask = 2147483647;
			files = (
			);
			runOnlyForDeploymentPostprocessing = 0;
		};
/* End PBXResourcesBuildPhase section */

/* Begin PBXSourcesBuildPhase section */
		10405A232D3D67900028CE7E /* Sources */ = {
			isa = PBXSourcesBuildPhase;
			buildActionMask = 2147483647;
			files = (
				10405A662D3D67D30028CE7E /* SceneDelegate.swift in Sources */,
				10405A652D3D67D30028CE7E /* AppDelegate.swift in Sources */,
			);
			runOnlyForDeploymentPostprocessing = 0;
		};
		10405A672D3D686E0028CE7E /* Sources */ = {
			isa = PBXSourcesBuildPhase;
			buildActionMask = 2147483647;
			files = (
				10405A6E2D3D686E0028CE7E /* JaneshSutharCryptoDemoiOSTests.swift in Sources */,
			);
			runOnlyForDeploymentPostprocessing = 0;
		};
/* End PBXSourcesBuildPhase section */

/* Begin PBXTargetDependency section */
		10405A702D3D686E0028CE7E /* PBXTargetDependency */ = {
			isa = PBXTargetDependency;
			target = 10405A262D3D67900028CE7E /* JaneshSutharCryptoDemoiOS */;
			targetProxy = 10405A6F2D3D686E0028CE7E /* PBXContainerItemProxy */;
		};
/* End PBXTargetDependency section */

/* Begin PBXVariantGroup section */
		10405A422D3D67D20028CE7E /* Main.storyboard */ = {
			isa = PBXVariantGroup;
			children = (
				10405A432D3D67D20028CE7E /* Base */,
			);
			name = Main.storyboard;
			sourceTree = "<group>";
		};
/* End PBXVariantGroup section */

/* Begin XCBuildConfiguration section */
		10405A392D3D67920028CE7E /* Debug */ = {
			isa = XCBuildConfiguration;
			buildSettings = {
				ALWAYS_SEARCH_USER_PATHS = NO;
				ASSETCATALOG_COMPILER_GENERATE_SWIFT_ASSET_SYMBOL_EXTENSIONS = YES;
				CLANG_ANALYZER_NONNULL = YES;
				CLANG_ANALYZER_NUMBER_OBJECT_CONVERSION = YES_AGGRESSIVE;
				CLANG_CXX_LANGUAGE_STANDARD = "gnu++20";
				CLANG_ENABLE_MODULES = YES;
				CLANG_ENABLE_OBJC_ARC = YES;
				CLANG_ENABLE_OBJC_WEAK = YES;
				CLANG_WARN_BLOCK_CAPTURE_AUTORELEASING = YES;
				CLANG_WARN_BOOL_CONVERSION = YES;
				CLANG_WARN_COMMA = YES;
				CLANG_WARN_CONSTANT_CONVERSION = YES;
				CLANG_WARN_DEPRECATED_OBJC_IMPLEMENTATIONS = YES;
				CLANG_WARN_DIRECT_OBJC_ISA_USAGE = YES_ERROR;
				CLANG_WARN_DOCUMENTATION_COMMENTS = YES;
				CLANG_WARN_EMPTY_BODY = YES;
				CLANG_WARN_ENUM_CONVERSION = YES;
				CLANG_WARN_INFINITE_RECURSION = YES;
				CLANG_WARN_INT_CONVERSION = YES;
				CLANG_WARN_NON_LITERAL_NULL_CONVERSION = YES;
				CLANG_WARN_OBJC_IMPLICIT_RETAIN_SELF = YES;
				CLANG_WARN_OBJC_LITERAL_CONVERSION = YES;
				CLANG_WARN_OBJC_ROOT_CLASS = YES_ERROR;
				CLANG_WARN_QUOTED_INCLUDE_IN_FRAMEWORK_HEADER = YES;
				CLANG_WARN_RANGE_LOOP_ANALYSIS = YES;
				CLANG_WARN_STRICT_PROTOTYPES = YES;
				CLANG_WARN_SUSPICIOUS_MOVE = YES;
				CLANG_WARN_UNGUARDED_AVAILABILITY = YES_AGGRESSIVE;
				CLANG_WARN_UNREACHABLE_CODE = YES;
				CLANG_WARN__DUPLICATE_METHOD_MATCH = YES;
				COPY_PHASE_STRIP = NO;
				DEBUG_INFORMATION_FORMAT = dwarf;
				ENABLE_STRICT_OBJC_MSGSEND = YES;
				ENABLE_TESTABILITY = YES;
				ENABLE_USER_SCRIPT_SANDBOXING = YES;
				GCC_C_LANGUAGE_STANDARD = gnu17;
				GCC_DYNAMIC_NO_PIC = NO;
				GCC_NO_COMMON_BLOCKS = YES;
				GCC_OPTIMIZATION_LEVEL = 0;
				GCC_PREPROCESSOR_DEFINITIONS = (
					"DEBUG=1",
					"$(inherited)",
				);
				GCC_WARN_64_TO_32_BIT_CONVERSION = YES;
				GCC_WARN_ABOUT_RETURN_TYPE = YES_ERROR;
				GCC_WARN_UNDECLARED_SELECTOR = YES;
				GCC_WARN_UNINITIALIZED_AUTOS = YES_AGGRESSIVE;
				GCC_WARN_UNUSED_FUNCTION = YES;
				GCC_WARN_UNUSED_VARIABLE = YES;
				IPHONEOS_DEPLOYMENT_TARGET = 15.0;
				LOCALIZATION_PREFERS_STRING_CATALOGS = YES;
				MTL_ENABLE_DEBUG_INFO = INCLUDE_SOURCE;
				MTL_FAST_MATH = YES;
				ONLY_ACTIVE_ARCH = YES;
				SDKROOT = iphoneos;
				SWIFT_ACTIVE_COMPILATION_CONDITIONS = "DEBUG $(inherited)";
				SWIFT_OPTIMIZATION_LEVEL = "-Onone";
			};
			name = Debug;
		};
		10405A3A2D3D67920028CE7E /* Release */ = {
			isa = XCBuildConfiguration;
			buildSettings = {
				ALWAYS_SEARCH_USER_PATHS = NO;
				ASSETCATALOG_COMPILER_GENERATE_SWIFT_ASSET_SYMBOL_EXTENSIONS = YES;
				CLANG_ANALYZER_NONNULL = YES;
				CLANG_ANALYZER_NUMBER_OBJECT_CONVERSION = YES_AGGRESSIVE;
				CLANG_CXX_LANGUAGE_STANDARD = "gnu++20";
				CLANG_ENABLE_MODULES = YES;
				CLANG_ENABLE_OBJC_ARC = YES;
				CLANG_ENABLE_OBJC_WEAK = YES;
				CLANG_WARN_BLOCK_CAPTURE_AUTORELEASING = YES;
				CLANG_WARN_BOOL_CONVERSION = YES;
				CLANG_WARN_COMMA = YES;
				CLANG_WARN_CONSTANT_CONVERSION = YES;
				CLANG_WARN_DEPRECATED_OBJC_IMPLEMENTATIONS = YES;
				CLANG_WARN_DIRECT_OBJC_ISA_USAGE = YES_ERROR;
				CLANG_WARN_DOCUMENTATION_COMMENTS = YES;
				CLANG_WARN_EMPTY_BODY = YES;
				CLANG_WARN_ENUM_CONVERSION = YES;
				CLANG_WARN_INFINITE_RECURSION = YES;
				CLANG_WARN_INT_CONVERSION = YES;
				CLANG_WARN_NON_LITERAL_NULL_CONVERSION = YES;
				CLANG_WARN_OBJC_IMPLICIT_RETAIN_SELF = YES;
				CLANG_WARN_OBJC_LITERAL_CONVERSION = YES;
				CLANG_WARN_OBJC_ROOT_CLASS = YES_ERROR;
				CLANG_WARN_QUOTED_INCLUDE_IN_FRAMEWORK_HEADER = YES;
				CLANG_WARN_RANGE_LOOP_ANALYSIS = YES;
				CLANG_WARN_STRICT_PROTOTYPES = YES;
				CLANG_WARN_SUSPICIOUS_MOVE = YES;
				CLANG_WARN_UNGUARDED_AVAILABILITY = YES_AGGRESSIVE;
				CLANG_WARN_UNREACHABLE_CODE = YES;
				CLANG_WARN__DUPLICATE_METHOD_MATCH = YES;
				COPY_PHASE_STRIP = NO;
				DEBUG_INFORMATION_FORMAT = "dwarf-with-dsym";
				ENABLE_NS_ASSERTIONS = NO;
				ENABLE_STRICT_OBJC_MSGSEND = YES;
				ENABLE_USER_SCRIPT_SANDBOXING = YES;
				GCC_C_LANGUAGE_STANDARD = gnu17;
				GCC_NO_COMMON_BLOCKS = YES;
				GCC_WARN_64_TO_32_BIT_CONVERSION = YES;
				GCC_WARN_ABOUT_RETURN_TYPE = YES_ERROR;
				GCC_WARN_UNDECLARED_SELECTOR = YES;
				GCC_WARN_UNINITIALIZED_AUTOS = YES_AGGRESSIVE;
				GCC_WARN_UNUSED_FUNCTION = YES;
				GCC_WARN_UNUSED_VARIABLE = YES;
				IPHONEOS_DEPLOYMENT_TARGET = 15.0;
				LOCALIZATION_PREFERS_STRING_CATALOGS = YES;
				MTL_ENABLE_DEBUG_INFO = NO;
				MTL_FAST_MATH = YES;
				SDKROOT = iphoneos;
				SWIFT_COMPILATION_MODE = wholemodule;
				VALIDATE_PRODUCT = YES;
			};
			name = Release;
		};
		10405A3C2D3D67920028CE7E /* Debug */ = {
			isa = XCBuildConfiguration;
			buildSettings = {
				ASSETCATALOG_COMPILER_APPICON_NAME = AppIcon;
				ASSETCATALOG_COMPILER_GLOBAL_ACCENT_COLOR_NAME = AccentColor;
				CODE_SIGN_STYLE = Automatic;
				CURRENT_PROJECT_VERSION = 1;
				GENERATE_INFOPLIST_FILE = YES;
				INFOPLIST_FILE = JaneshSutharCryptoDemoiOS/Info.plist;
				INFOPLIST_KEY_UIApplicationSupportsIndirectInputEvents = YES;
				INFOPLIST_KEY_UILaunchStoryboardName = LaunchScreen;
				INFOPLIST_KEY_UIMainStoryboardFile = Main;
				INFOPLIST_KEY_UISupportedInterfaceOrientations_iPad = "UIInterfaceOrientationPortrait UIInterfaceOrientationPortraitUpsideDown UIInterfaceOrientationLandscapeLeft UIInterfaceOrientationLandscapeRight";
				INFOPLIST_KEY_UISupportedInterfaceOrientations_iPhone = "UIInterfaceOrientationPortrait UIInterfaceOrientationLandscapeLeft UIInterfaceOrientationLandscapeRight";
				LD_RUNPATH_SEARCH_PATHS = (
					"$(inherited)",
					"@executable_path/Frameworks",
				);
				MARKETING_VERSION = 1.0;
				PRODUCT_BUNDLE_IDENTIFIER = com.crypto.demo.JaneshSutharCryptoDemoiOS;
				PRODUCT_NAME = "$(TARGET_NAME)";
				SUPPORTED_PLATFORMS = "iphoneos iphonesimulator";
				SUPPORTS_MACCATALYST = NO;
				SUPPORTS_MAC_DESIGNED_FOR_IPHONE_IPAD = NO;
				SUPPORTS_XR_DESIGNED_FOR_IPHONE_IPAD = NO;
				SWIFT_EMIT_LOC_STRINGS = YES;
				SWIFT_VERSION = 5.0;
				TARGETED_DEVICE_FAMILY = 1;
			};
			name = Debug;
		};
		10405A3D2D3D67920028CE7E /* Release */ = {
			isa = XCBuildConfiguration;
			buildSettings = {
				ASSETCATALOG_COMPILER_APPICON_NAME = AppIcon;
				ASSETCATALOG_COMPILER_GLOBAL_ACCENT_COLOR_NAME = AccentColor;
				CODE_SIGN_STYLE = Automatic;
				CURRENT_PROJECT_VERSION = 1;
				GENERATE_INFOPLIST_FILE = YES;
				INFOPLIST_FILE = JaneshSutharCryptoDemoiOS/Info.plist;
				INFOPLIST_KEY_UIApplicationSupportsIndirectInputEvents = YES;
				INFOPLIST_KEY_UILaunchStoryboardName = LaunchScreen;
				INFOPLIST_KEY_UIMainStoryboardFile = Main;
				INFOPLIST_KEY_UISupportedInterfaceOrientations_iPad = "UIInterfaceOrientationPortrait UIInterfaceOrientationPortraitUpsideDown UIInterfaceOrientationLandscapeLeft UIInterfaceOrientationLandscapeRight";
				INFOPLIST_KEY_UISupportedInterfaceOrientations_iPhone = "UIInterfaceOrientationPortrait UIInterfaceOrientationLandscapeLeft UIInterfaceOrientationLandscapeRight";
				LD_RUNPATH_SEARCH_PATHS = (
					"$(inherited)",
					"@executable_path/Frameworks",
				);
				MARKETING_VERSION = 1.0;
				PRODUCT_BUNDLE_IDENTIFIER = com.crypto.demo.JaneshSutharCryptoDemoiOS;
				PRODUCT_NAME = "$(TARGET_NAME)";
				SUPPORTED_PLATFORMS = "iphoneos iphonesimulator";
				SUPPORTS_MACCATALYST = NO;
				SUPPORTS_MAC_DESIGNED_FOR_IPHONE_IPAD = NO;
				SUPPORTS_XR_DESIGNED_FOR_IPHONE_IPAD = NO;
				SWIFT_EMIT_LOC_STRINGS = YES;
				SWIFT_VERSION = 5.0;
				TARGETED_DEVICE_FAMILY = 1;
			};
			name = Release;
		};
		10405A722D3D686E0028CE7E /* Debug */ = {
			isa = XCBuildConfiguration;
			buildSettings = {
				BUNDLE_LOADER = "$(TEST_HOST)";
				CODE_SIGN_STYLE = Automatic;
				CURRENT_PROJECT_VERSION = 1;
				GENERATE_INFOPLIST_FILE = YES;
				IPHONEOS_DEPLOYMENT_TARGET = 17.2;
				MARKETING_VERSION = 1.0;
				PRODUCT_BUNDLE_IDENTIFIER = com.crypto.demo.JaneshSutharCryptoDemoiOSTests;
				PRODUCT_NAME = "$(TARGET_NAME)";
				SUPPORTED_PLATFORMS = "iphoneos iphonesimulator";
				SUPPORTS_MACCATALYST = NO;
				SUPPORTS_MAC_DESIGNED_FOR_IPHONE_IPAD = NO;
				SUPPORTS_XR_DESIGNED_FOR_IPHONE_IPAD = NO;
				SWIFT_EMIT_LOC_STRINGS = NO;
				SWIFT_VERSION = 5.0;
				TARGETED_DEVICE_FAMILY = 1;
				TEST_HOST = "$(BUILT_PRODUCTS_DIR)/JaneshSutharCryptoDemoiOS.app/$(BUNDLE_EXECUTABLE_FOLDER_PATH)/JaneshSutharCryptoDemoiOS";
			};
			name = Debug;
		};
		10405A732D3D686E0028CE7E /* Release */ = {
			isa = XCBuildConfiguration;
			buildSettings = {
				BUNDLE_LOADER = "$(TEST_HOST)";
				CODE_SIGN_STYLE = Automatic;
				CURRENT_PROJECT_VERSION = 1;
				GENERATE_INFOPLIST_FILE = YES;
				IPHONEOS_DEPLOYMENT_TARGET = 17.2;
				MARKETING_VERSION = 1.0;
				PRODUCT_BUNDLE_IDENTIFIER = com.crypto.demo.JaneshSutharCryptoDemoiOSTests;
				PRODUCT_NAME = "$(TARGET_NAME)";
				SUPPORTED_PLATFORMS = "iphoneos iphonesimulator";
				SUPPORTS_MACCATALYST = NO;
				SUPPORTS_MAC_DESIGNED_FOR_IPHONE_IPAD = NO;
				SUPPORTS_XR_DESIGNED_FOR_IPHONE_IPAD = NO;
				SWIFT_EMIT_LOC_STRINGS = NO;
				SWIFT_VERSION = 5.0;
				TARGETED_DEVICE_FAMILY = 1;
				TEST_HOST = "$(BUILT_PRODUCTS_DIR)/JaneshSutharCryptoDemoiOS.app/$(BUNDLE_EXECUTABLE_FOLDER_PATH)/JaneshSutharCryptoDemoiOS";
			};
			name = Release;
		};
/* End XCBuildConfiguration section */

/* Begin XCConfigurationList section */
		10405A222D3D67900028CE7E /* Build configuration list for PBXProject "JaneshSutharCryptoDemoiOS" */ = {
			isa = XCConfigurationList;
			buildConfigurations = (
				10405A392D3D67920028CE7E /* Debug */,
				10405A3A2D3D67920028CE7E /* Release */,
			);
			defaultConfigurationIsVisible = 0;
			defaultConfigurationName = Release;
		};
		10405A3B2D3D67920028CE7E /* Build configuration list for PBXNativeTarget "JaneshSutharCryptoDemoiOS" */ = {
			isa = XCConfigurationList;
			buildConfigurations = (
				10405A3C2D3D67920028CE7E /* Debug */,
				10405A3D2D3D67920028CE7E /* Release */,
			);
			defaultConfigurationIsVisible = 0;
			defaultConfigurationName = Release;
		};
		10405A712D3D686E0028CE7E /* Build configuration list for PBXNativeTarget "JaneshSutharCryptoDemoiOSTests" */ = {
			isa = XCConfigurationList;
			buildConfigurations = (
				10405A722D3D686E0028CE7E /* Debug */,
				10405A732D3D686E0028CE7E /* Release */,
			);
			defaultConfigurationIsVisible = 0;
			defaultConfigurationName = Release;
		};
/* End XCConfigurationList section */

/* Begin XCSwiftPackageProductDependency section */
		10DB16DB2D3D756000C78B02 /* Common */ = {
			isa = XCSwiftPackageProductDependency;
			productName = Common;
		};
		10DB16DE2D3D757300C78B02 /* Data */ = {
			isa = XCSwiftPackageProductDependency;
			productName = Data;
		};
		10DB16E12D3D758600C78B02 /* Presentation */ = {
			isa = XCSwiftPackageProductDependency;
			productName = Presentation;
		};
		10DB16E42D3D75CC00C78B02 /* Domain */ = {
			isa = XCSwiftPackageProductDependency;
			productName = Domain;
		};
		10DB16E72D3D75DA00C78B02 /* Infrastructure */ = {
			isa = XCSwiftPackageProductDependency;
			productName = Infrastructure;
		};
/* End XCSwiftPackageProductDependency section */
	};
	rootObject = 10405A1F2D3D67900028CE7E /* Project object */;
}
